
Microsoft Visual Studio Solution File, Format Version 12.00
# Visual Studio Version 17
VisualStudioVersion = 17.5.002.0
MinimumVisualStudioVersion = 10.0.40219.1
Project("{9A19103F-16F7-4668-BE54-9A1E7A4F7556}") = "image-coffee-utils-crop", "image-coffee-utils-crop\image-coffee-utils-crop.csproj", "{2220CAC8-9D12-4C38-AED8-BD6501A27CD1}"
EndProject
Global
	GlobalSection(SolutionConfigurationPlatforms) = preSolution
		Debug|Any CPU = Debug|Any CPU
		Release|Any CPU = Release|Any CPU
	EndGlobalSection
	GlobalSection(ProjectConfigurationPlatforms) = postSolution
		{2220CAC8-9D12-4C38-AED8-BD6501A27CD1}.Debug|Any CPU.ActiveCfg = Debug|Any CPU
		{2220CAC8-9D12-4C38-AED8-BD6501A27CD1}.Debug|Any CPU.Build.0 = Debug|Any CPU
		{2220CAC8-9D12-4C38-AED8-BD6501A27CD1}.Release|Any CPU.ActiveCfg = Release|Any CPU
		{2220CAC8-9D12-4C38-AED8-BD6501A27CD1}.Release|Any CPU.Build.0 = Release|Any CPU
	EndGlobalSection
	GlobalSection(SolutionProperties) = preSolution
		HideSolutionNode = FALSE
	EndGlobalSection
	GlobalSection(ExtensibilityGlobals) = postSolution
		SolutionGuid = {62D2EB0D-18F3-42B7-9F57-984564E55429}
	EndGlobalSection
EndGlobal
